
Microsoft Visual Studio Solution File, Format Version 12.00
# Visual Studio Version 17
VisualStudioVersion = 17.9.34723.18
MinimumVisualStudioVersion = 10.0.40219.1
Project("{FAE04EC0-301F-11D3-BF4B-00C04F79EFBC}") = "Daothithuylinh_2210900036_project2", "Daothithuylinh_2210900036_project2\Daothithuylinh_2210900036_project2.csproj", "{574ADDF4-29FD-4FD7-8957-434BE507C45F}"
EndProject
Global
	GlobalSection(SolutionConfigurationPlatforms) = preSolution
		Debug|Any CPU = Debug|Any CPU
		Release|Any CPU = Release|Any CPU
	EndGlobalSection
	GlobalSection(ProjectConfigurationPlatforms) = postSolution
		{574ADDF4-29FD-4FD7-8957-434BE507C45F}.Debug|Any CPU.ActiveCfg = Debug|Any CPU
		{574ADDF4-29FD-4FD7-8957-434BE507C45F}.Debug|Any CPU.Build.0 = Debug|Any CPU
		{574ADDF4-29FD-4FD7-8957-434BE507C45F}.Release|Any CPU.ActiveCfg = Release|Any CPU
		{574ADDF4-29FD-4FD7-8957-434BE507C45F}.Release|Any CPU.Build.0 = Release|Any CPU
	EndGlobalSection
	GlobalSection(SolutionProperties) = preSolution
		HideSolutionNode = FALSE
	EndGlobalSection
	GlobalSection(ExtensibilityGlobals) = postSolution
		SolutionGuid = {E5A007DC-742C-4B0E-8EA1-972B79E83EE0}
	EndGlobalSection
EndGlobal
